// !$*UTF8*$!
{
	archiveVersion = 1;
	classes = {
	};
	objectVersion = 46;
	objects = {

/* Begin PBXBuildFile section */
		00DF45A21E8EDADB00CE8613 /* Settings.m in Sources */ = {isa = PBXBuildFile; fileRef = 00DF45A11E8EDADB00CE8613 /* Settings.m */; };
		60B8AD111E8E56A1002FB163 /* ImageProcessor.m in Sources */ = {isa = PBXBuildFile; fileRef = 60B8AD101E8E56A1002FB163 /* ImageProcessor.m */; };
		8C2DF4071E8E065B00564E12 /* SettingsViewController.m in Sources */ = {isa = PBXBuildFile; fileRef = 8C2DF4051E8E065B00564E12 /* SettingsViewController.m */; };
		8C2DF4081E8E065B00564E12 /* SettingsViewController.xib in Resources */ = {isa = PBXBuildFile; fileRef = 8C2DF4061E8E065B00564E12 /* SettingsViewController.xib */; };
		C341684A1E8D8106000AC8E8 /* main.m in Sources */ = {isa = PBXBuildFile; fileRef = C34168491E8D8106000AC8E8 /* main.m */; };
		C341684D1E8D8106000AC8E8 /* AppDelegate.m in Sources */ = {isa = PBXBuildFile; fileRef = C341684C1E8D8106000AC8E8 /* AppDelegate.m */; };
		C34168501E8D8106000AC8E8 /* ViewController.m in Sources */ = {isa = PBXBuildFile; fileRef = C341684F1E8D8106000AC8E8 /* ViewController.m */; };
		C34168531E8D8106000AC8E8 /* Main.storyboard in Resources */ = {isa = PBXBuildFile; fileRef = C34168511E8D8106000AC8E8 /* Main.storyboard */; };
		C34168551E8D8106000AC8E8 /* Assets.xcassets in Resources */ = {isa = PBXBuildFile; fileRef = C34168541E8D8106000AC8E8 /* Assets.xcassets */; };
		C34168581E8D8106000AC8E8 /* LaunchScreen.storyboard in Resources */ = {isa = PBXBuildFile; fileRef = C34168561E8D8106000AC8E8 /* LaunchScreen.storyboard */; };
		C34168611E8D8119000AC8E8 /* Model.m in Sources */ = {isa = PBXBuildFile; fileRef = C34168601E8D8119000AC8E8 /* Model.m */; };
		C341686A1E8D9BB3000AC8E8 /* ResultsViewController.m in Sources */ = {isa = PBXBuildFile; fileRef = C34168681E8D9BB3000AC8E8 /* ResultsViewController.m */; };
		C341686B1E8D9BB3000AC8E8 /* ResultsViewController.xib in Resources */ = {isa = PBXBuildFile; fileRef = C34168691E8D9BB3000AC8E8 /* ResultsViewController.xib */; };
/* End PBXBuildFile section */

/* Begin PBXFileReference section */
		009586B81E8EB24000675F78 /* APIKey.h */ = {isa = PBXFileReference; lastKnownFileType = sourcecode.c.h; path = APIKey.h; sourceTree = "<group>"; };
		00DF45A01E8EDADB00CE8613 /* Settings.h */ = {isa = PBXFileReference; fileEncoding = 4; lastKnownFileType = sourcecode.c.h; path = Settings.h; sourceTree = "<group>"; };
		00DF45A11E8EDADB00CE8613 /* Settings.m */ = {isa = PBXFileReference; fileEncoding = 4; lastKnownFileType = sourcecode.c.objc; path = Settings.m; sourceTree = "<group>"; };
		606DC6921E8DF2D7004EF2E6 /* APIKey.h */ = {isa = PBXFileReference; lastKnownFileType = sourcecode.c.h; path = APIKey.h; sourceTree = "<group>"; };
		60B8AD0F1E8E56A1002FB163 /* ImageProcessor.h */ = {isa = PBXFileReference; fileEncoding = 4; lastKnownFileType = sourcecode.c.h; path = ImageProcessor.h; sourceTree = "<group>"; };
		60B8AD101E8E56A1002FB163 /* ImageProcessor.m */ = {isa = PBXFileReference; fileEncoding = 4; lastKnownFileType = sourcecode.c.objc; path = ImageProcessor.m; sourceTree = "<group>"; };
		8C2DF4041E8E065B00564E12 /* SettingsViewController.h */ = {isa = PBXFileReference; fileEncoding = 4; lastKnownFileType = sourcecode.c.h; path = SettingsViewController.h; sourceTree = "<group>"; };
		8C2DF4051E8E065B00564E12 /* SettingsViewController.m */ = {isa = PBXFileReference; fileEncoding = 4; lastKnownFileType = sourcecode.c.objc; path = SettingsViewController.m; sourceTree = "<group>"; };
		8C2DF4061E8E065B00564E12 /* SettingsViewController.xib */ = {isa = PBXFileReference; fileEncoding = 4; lastKnownFileType = file.xib; path = SettingsViewController.xib; sourceTree = "<group>"; };
		C34168451E8D8106000AC8E8 /* ApiTest.app */ = {isa = PBXFileReference; explicitFileType = wrapper.application; includeInIndex = 0; path = ApiTest.app; sourceTree = BUILT_PRODUCTS_DIR; };
		C34168491E8D8106000AC8E8 /* main.m */ = {isa = PBXFileReference; lastKnownFileType = sourcecode.c.objc; path = main.m; sourceTree = "<group>"; };
		C341684B1E8D8106000AC8E8 /* AppDelegate.h */ = {isa = PBXFileReference; lastKnownFileType = sourcecode.c.h; path = AppDelegate.h; sourceTree = "<group>"; };
		C341684C1E8D8106000AC8E8 /* AppDelegate.m */ = {isa = PBXFileReference; lastKnownFileType = sourcecode.c.objc; path = AppDelegate.m; sourceTree = "<group>"; };
		C341684E1E8D8106000AC8E8 /* ViewController.h */ = {isa = PBXFileReference; lastKnownFileType = sourcecode.c.h; path = ViewController.h; sourceTree = "<group>"; };
		C341684F1E8D8106000AC8E8 /* ViewController.m */ = {isa = PBXFileReference; lastKnownFileType = sourcecode.c.objc; path = ViewController.m; sourceTree = "<group>"; };
		C34168521E8D8106000AC8E8 /* Base */ = {isa = PBXFileReference; lastKnownFileType = file.storyboard; name = Base; path = Base.lproj/Main.storyboard; sourceTree = "<group>"; };
		C34168541E8D8106000AC8E8 /* Assets.xcassets */ = {isa = PBXFileReference; lastKnownFileType = folder.assetcatalog; path = Assets.xcassets; sourceTree = "<group>"; };
		C34168571E8D8106000AC8E8 /* Base */ = {isa = PBXFileReference; lastKnownFileType = file.storyboard; name = Base; path = Base.lproj/LaunchScreen.storyboard; sourceTree = "<group>"; };
		C34168591E8D8107000AC8E8 /* Info.plist */ = {isa = PBXFileReference; lastKnownFileType = text.plist.xml; path = Info.plist; sourceTree = "<group>"; };
		C341685F1E8D8119000AC8E8 /* Model.h */ = {isa = PBXFileReference; fileEncoding = 4; lastKnownFileType = sourcecode.c.h; path = Model.h; sourceTree = "<group>"; };
		C34168601E8D8119000AC8E8 /* Model.m */ = {isa = PBXFileReference; fileEncoding = 4; lastKnownFileType = sourcecode.c.objc; path = Model.m; sourceTree = "<group>"; };
		C34168671E8D9BB3000AC8E8 /* ResultsViewController.h */ = {isa = PBXFileReference; fileEncoding = 4; lastKnownFileType = sourcecode.c.h; name = ResultsViewController.h; path = ../ResultsViewController.h; sourceTree = "<group>"; };
		C34168681E8D9BB3000AC8E8 /* ResultsViewController.m */ = {isa = PBXFileReference; fileEncoding = 4; lastKnownFileType = sourcecode.c.objc; name = ResultsViewController.m; path = ../ResultsViewController.m; sourceTree = "<group>"; };
		C34168691E8D9BB3000AC8E8 /* ResultsViewController.xib */ = {isa = PBXFileReference; fileEncoding = 4; lastKnownFileType = file.xib; name = ResultsViewController.xib; path = ../ResultsViewController.xib; sourceTree = "<group>"; };
/* End PBXFileReference section */

/* Begin PBXFrameworksBuildPhase section */
		C34168421E8D8106000AC8E8 /* Frameworks */ = {
			isa = PBXFrameworksBuildPhase;
			buildActionMask = 2147483647;
			files = (
			);
			runOnlyForDeploymentPostprocessing = 0;
		};
/* End PBXFrameworksBuildPhase section */

/* Begin PBXGroup section */
		C341683C1E8D8106000AC8E8 = {
			isa = PBXGroup;
			children = (
				C34168471E8D8106000AC8E8 /* ApiTest */,
				C34168461E8D8106000AC8E8 /* Products */,
			);
			sourceTree = "<group>";
		};
		C34168461E8D8106000AC8E8 /* Products */ = {
			isa = PBXGroup;
			children = (
				C34168451E8D8106000AC8E8 /* ApiTest.app */,
			);
			name = Products;
			sourceTree = "<group>";
		};
		C34168471E8D8106000AC8E8 /* ApiTest */ = {
			isa = PBXGroup;
			children = (
				606DC6921E8DF2D7004EF2E6 /* APIKey.h */,
				009586B81E8EB24000675F78 /* APIKey.h */,
				C341684B1E8D8106000AC8E8 /* AppDelegate.h */,
				C341684C1E8D8106000AC8E8 /* AppDelegate.m */,
				C34168541E8D8106000AC8E8 /* Assets.xcassets */,
				60B8AD0F1E8E56A1002FB163 /* ImageProcessor.h */,
				60B8AD101E8E56A1002FB163 /* ImageProcessor.m */,
				C34168591E8D8107000AC8E8 /* Info.plist */,
				C34168561E8D8106000AC8E8 /* LaunchScreen.storyboard */,
				C34168511E8D8106000AC8E8 /* Main.storyboard */,
				C341685F1E8D8119000AC8E8 /* Model.h */,
				C34168601E8D8119000AC8E8 /* Model.m */,
				C34168671E8D9BB3000AC8E8 /* ResultsViewController.h */,
				C34168681E8D9BB3000AC8E8 /* ResultsViewController.m */,
				C34168691E8D9BB3000AC8E8 /* ResultsViewController.xib */,
				8C2DF4041E8E065B00564E12 /* SettingsViewController.h */,
				8C2DF4051E8E065B00564E12 /* SettingsViewController.m */,
				8C2DF4061E8E065B00564E12 /* SettingsViewController.xib */,
				00DF45A01E8EDADB00CE8613 /* Settings.h */,
				00DF45A11E8EDADB00CE8613 /* Settings.m */,
				C34168481E8D8106000AC8E8 /* Supporting Files */,
				C341684E1E8D8106000AC8E8 /* ViewController.h */,
				C341684F1E8D8106000AC8E8 /* ViewController.m */,
			);
			path = ApiTest;
			sourceTree = "<group>";
		};
		C34168481E8D8106000AC8E8 /* Supporting Files */ = {
			isa = PBXGroup;
			children = (
				C34168491E8D8106000AC8E8 /* main.m */,
			);
			name = "Supporting Files";
			sourceTree = "<group>";
		};
/* End PBXGroup section */

/* Begin PBXNativeTarget section */
		C34168441E8D8106000AC8E8 /* ApiTest */ = {
			isa = PBXNativeTarget;
			buildConfigurationList = C341685C1E8D8107000AC8E8 /* Build configuration list for PBXNativeTarget "ApiTest" */;
			buildPhases = (
				C34168411E8D8106000AC8E8 /* Sources */,
				C34168421E8D8106000AC8E8 /* Frameworks */,
				C34168431E8D8106000AC8E8 /* Resources */,
			);
			buildRules = (
			);
			dependencies = (
			);
			name = ApiTest;
			productName = ApiTest;
			productReference = C34168451E8D8106000AC8E8 /* ApiTest.app */;
			productType = "com.apple.product-type.application";
		};
/* End PBXNativeTarget section */

/* Begin PBXProject section */
		C341683D1E8D8106000AC8E8 /* Project object */ = {
			isa = PBXProject;
			attributes = {
				LastUpgradeCheck = 0820;
				ORGANIZATIONNAME = JStrawn;
				TargetAttributes = {
					C34168441E8D8106000AC8E8 = {
						CreatedOnToolsVersion = 8.2.1;
						DevelopmentTeam = 5C8D6R84CB;
						ProvisioningStyle = Automatic;
					};
				};
			};
			buildConfigurationList = C34168401E8D8106000AC8E8 /* Build configuration list for PBXProject "ApiTest" */;
			compatibilityVersion = "Xcode 3.2";
			developmentRegion = English;
			hasScannedForEncodings = 0;
			knownRegions = (
				en,
				Base,
			);
			mainGroup = C341683C1E8D8106000AC8E8;
			productRefGroup = C34168461E8D8106000AC8E8 /* Products */;
			projectDirPath = "";
			projectRoot = "";
			targets = (
				C34168441E8D8106000AC8E8 /* ApiTest */,
			);
		};
/* End PBXProject section */

/* Begin PBXResourcesBuildPhase section */
		C34168431E8D8106000AC8E8 /* Resources */ = {
			isa = PBXResourcesBuildPhase;
			buildActionMask = 2147483647;
			files = (
				C34168581E8D8106000AC8E8 /* LaunchScreen.storyboard in Resources */,
				C34168551E8D8106000AC8E8 /* Assets.xcassets in Resources */,
				C34168531E8D8106000AC8E8 /* Main.storyboard in Resources */,
				C341686B1E8D9BB3000AC8E8 /* ResultsViewController.xib in Resources */,
				8C2DF4081E8E065B00564E12 /* SettingsViewController.xib in Resources */,
			);
			runOnlyForDeploymentPostprocessing = 0;
		};
/* End PBXResourcesBuildPhase section */

/* Begin PBXSourcesBuildPhase section */
		C34168411E8D8106000AC8E8 /* Sources */ = {
			isa = PBXSourcesBuildPhase;
			buildActionMask = 2147483647;
			files = (
				60B8AD111E8E56A1002FB163 /* ImageProcessor.m in Sources */,
				C34168611E8D8119000AC8E8 /* Model.m in Sources */,
				00DF45A21E8EDADB00CE8613 /* Settings.m in Sources */,
				C34168501E8D8106000AC8E8 /* ViewController.m in Sources */,
				C341684D1E8D8106000AC8E8 /* AppDelegate.m in Sources */,
				8C2DF4071E8E065B00564E12 /* SettingsViewController.m in Sources */,
				C341684A1E8D8106000AC8E8 /* main.m in Sources */,
				C341686A1E8D9BB3000AC8E8 /* ResultsViewController.m in Sources */,
			);
			runOnlyForDeploymentPostprocessing = 0;
		};
/* End PBXSourcesBuildPhase section */

/* Begin PBXVariantGroup section */
		C34168511E8D8106000AC8E8 /* Main.storyboard */ = {
			isa = PBXVariantGroup;
			children = (
				C34168521E8D8106000AC8E8 /* Base */,
			);
			name = Main.storyboard;
			sourceTree = "<group>";
		};
		C34168561E8D8106000AC8E8 /* LaunchScreen.storyboard */ = {
			isa = PBXVariantGroup;
			children = (
				C34168571E8D8106000AC8E8 /* Base */,
			);
			name = LaunchScreen.storyboard;
			sourceTree = "<group>";
		};
/* End PBXVariantGroup section */

/* Begin XCBuildConfiguration section */
		C341685A1E8D8107000AC8E8 /* Debug */ = {
			isa = XCBuildConfiguration;
			buildSettings = {
				ALWAYS_SEARCH_USER_PATHS = NO;
				CLANG_ANALYZER_NONNULL = YES;
				CLANG_CXX_LANGUAGE_STANDARD = "gnu++0x";
				CLANG_CXX_LIBRARY = "libc++";
				CLANG_ENABLE_MODULES = YES;
				CLANG_ENABLE_OBJC_ARC = YES;
				CLANG_WARN_BOOL_CONVERSION = YES;
				CLANG_WARN_CONSTANT_CONVERSION = YES;
				CLANG_WARN_DIRECT_OBJC_ISA_USAGE = YES_ERROR;
				CLANG_WARN_DOCUMENTATION_COMMENTS = YES;
				CLANG_WARN_EMPTY_BODY = YES;
				CLANG_WARN_ENUM_CONVERSION = YES;
				CLANG_WARN_INFINITE_RECURSION = YES;
				CLANG_WARN_INT_CONVERSION = YES;
				CLANG_WARN_OBJC_ROOT_CLASS = YES_ERROR;
				CLANG_WARN_SUSPICIOUS_MOVE = YES;
				CLANG_WARN_UNREACHABLE_CODE = YES;
				CLANG_WARN__DUPLICATE_METHOD_MATCH = YES;
				"CODE_SIGN_IDENTITY[sdk=iphoneos*]" = "iPhone Developer";
				COPY_PHASE_STRIP = NO;
				DEBUG_INFORMATION_FORMAT = dwarf;
				ENABLE_STRICT_OBJC_MSGSEND = YES;
				ENABLE_TESTABILITY = YES;
				GCC_C_LANGUAGE_STANDARD = gnu99;
				GCC_DYNAMIC_NO_PIC = NO;
				GCC_NO_COMMON_BLOCKS = YES;
				GCC_OPTIMIZATION_LEVEL = 0;
				GCC_PREPROCESSOR_DEFINITIONS = (
					"DEBUG=1",
					"$(inherited)",
				);
				GCC_WARN_64_TO_32_BIT_CONVERSION = YES;
				GCC_WARN_ABOUT_RETURN_TYPE = YES_ERROR;
				GCC_WARN_UNDECLARED_SELECTOR = YES;
				GCC_WARN_UNINITIALIZED_AUTOS = YES_AGGRESSIVE;
				GCC_WARN_UNUSED_FUNCTION = YES;
				GCC_WARN_UNUSED_VARIABLE = YES;
				IPHONEOS_DEPLOYMENT_TARGET = 10.2;
				MTL_ENABLE_DEBUG_INFO = YES;
				ONLY_ACTIVE_ARCH = YES;
				SDKROOT = iphoneos;
				TARGETED_DEVICE_FAMILY = "1,2";
			};
			name = Debug;
		};
		C341685B1E8D8107000AC8E8 /* Release */ = {
			isa = XCBuildConfiguration;
			buildSettings = {
				ALWAYS_SEARCH_USER_PATHS = NO;
				CLANG_ANALYZER_NONNULL = YES;
				CLANG_CXX_LANGUAGE_STANDARD = "gnu++0x";
				CLANG_CXX_LIBRARY = "libc++";
				CLANG_ENABLE_MODULES = YES;
				CLANG_ENABLE_OBJC_ARC = YES;
				CLANG_WARN_BOOL_CONVERSION = YES;
				CLANG_WARN_CONSTANT_CONVERSION = YES;
				CLANG_WARN_DIRECT_OBJC_ISA_USAGE = YES_ERROR;
				CLANG_WARN_DOCUMENTATION_COMMENTS = YES;
				CLANG_WARN_EMPTY_BODY = YES;
				CLANG_WARN_ENUM_CONVERSION = YES;
				CLANG_WARN_INFINITE_RECURSION = YES;
				CLANG_WARN_INT_CONVERSION = YES;
				CLANG_WARN_OBJC_ROOT_CLASS = YES_ERROR;
				CLANG_WARN_SUSPICIOUS_MOVE = YES;
				CLANG_WARN_UNREACHABLE_CODE = YES;
				CLANG_WARN__DUPLICATE_METHOD_MATCH = YES;
				"CODE_SIGN_IDENTITY[sdk=iphoneos*]" = "iPhone Developer";
				COPY_PHASE_STRIP = NO;
				DEBUG_INFORMATION_FORMAT = "dwarf-with-dsym";
				ENABLE_NS_ASSERTIONS = NO;
				ENABLE_STRICT_OBJC_MSGSEND = YES;
				GCC_C_LANGUAGE_STANDARD = gnu99;
				GCC_NO_COMMON_BLOCKS = YES;
				GCC_WARN_64_TO_32_BIT_CONVERSION = YES;
				GCC_WARN_ABOUT_RETURN_TYPE = YES_ERROR;
				GCC_WARN_UNDECLARED_SELECTOR = YES;
				GCC_WARN_UNINITIALIZED_AUTOS = YES_AGGRESSIVE;
				GCC_WARN_UNUSED_FUNCTION = YES;
				GCC_WARN_UNUSED_VARIABLE = YES;
				IPHONEOS_DEPLOYMENT_TARGET = 10.2;
				MTL_ENABLE_DEBUG_INFO = NO;
				SDKROOT = iphoneos;
				TARGETED_DEVICE_FAMILY = "1,2";
				VALIDATE_PRODUCT = YES;
			};
			name = Release;
		};
		C341685D1E8D8107000AC8E8 /* Debug */ = {
			isa = XCBuildConfiguration;
			buildSettings = {
				ASSETCATALOG_COMPILER_APPICON_NAME = AppIcon;
				"CODE_SIGN_IDENTITY[sdk=iphoneos*]" = "iPhone Developer";
				DEVELOPMENT_TEAM = 5C8D6R84CB;
				INFOPLIST_FILE = ApiTest/Info.plist;
				LD_RUNPATH_SEARCH_PATHS = "$(inherited) @executable_path/Frameworks";
				PRODUCT_BUNDLE_IDENTIFIER = "com.Miguel-Tepale.ApiTest";
				PRODUCT_NAME = "$(TARGET_NAME)";
				TARGETED_DEVICE_FAMILY = "1,2";
			};
			name = Debug;
		};
		C341685E1E8D8107000AC8E8 /* Release */ = {
			isa = XCBuildConfiguration;
			buildSettings = {
				ASSETCATALOG_COMPILER_APPICON_NAME = AppIcon;
				"CODE_SIGN_IDENTITY[sdk=iphoneos*]" = "iPhone Developer";
				DEVELOPMENT_TEAM = 5C8D6R84CB;
				INFOPLIST_FILE = ApiTest/Info.plist;
				LD_RUNPATH_SEARCH_PATHS = "$(inherited) @executable_path/Frameworks";
				PRODUCT_BUNDLE_IDENTIFIER = "com.Miguel-Tepale.ApiTest";
				PRODUCT_NAME = "$(TARGET_NAME)";
				TARGETED_DEVICE_FAMILY = "1,2";
			};
			name = Release;
		};
/* End XCBuildConfiguration section */

/* Begin XCConfigurationList section */
		C34168401E8D8106000AC8E8 /* Build configuration list for PBXProject "ApiTest" */ = {
			isa = XCConfigurationList;
			buildConfigurations = (
				C341685A1E8D8107000AC8E8 /* Debug */,
				C341685B1E8D8107000AC8E8 /* Release */,
			);
			defaultConfigurationIsVisible = 0;
			defaultConfigurationName = Release;
		};
		C341685C1E8D8107000AC8E8 /* Build configuration list for PBXNativeTarget "ApiTest" */ = {
			isa = XCConfigurationList;
			buildConfigurations = (
				C341685D1E8D8107000AC8E8 /* Debug */,
				C341685E1E8D8107000AC8E8 /* Release */,
			);
			defaultConfigurationIsVisible = 0;
			defaultConfigurationName = Release;
		};
/* End XCConfigurationList section */
	};
	rootObject = C341683D1E8D8106000AC8E8 /* Project object */;
}
